// !$*UTF8*$!
{
	archiveVersion = 1;
	classes = {
	};
	objectVersion = 46;
	objects = {

/* Begin PBXBuildFile section */
		D1E00D371BDFC8CF0020A465 /* AppDelegate.swift in Sources */ = {isa = PBXBuildFile; fileRef = D1E00D361BDFC8CF0020A465 /* AppDelegate.swift */; };
		D1E00D391BDFC8CF0020A465 /* ViewController.swift in Sources */ = {isa = PBXBuildFile; fileRef = D1E00D381BDFC8CF0020A465 /* ViewController.swift */; };
		D1E00D3C1BDFC8CF0020A465 /* Main.storyboard in Resources */ = {isa = PBXBuildFile; fileRef = D1E00D3A1BDFC8CF0020A465 /* Main.storyboard */; };
		D1E00D3E1BDFC8CF0020A465 /* Assets.xcassets in Resources */ = {isa = PBXBuildFile; fileRef = D1E00D3D1BDFC8CF0020A465 /* Assets.xcassets */; };
		D1E00D411BDFC8CF0020A465 /* LaunchScreen.storyboard in Resources */ = {isa = PBXBuildFile; fileRef = D1E00D3F1BDFC8CF0020A465 /* LaunchScreen.storyboard */; };
/* End PBXBuildFile section */

/* Begin PBXFileReference section */
		D1E00D331BDFC8CF0020A465 /* BullsEye.app */ = {isa = PBXFileReference; explicitFileType = wrapper.application; includeInIndex = 0; path = BullsEye.app; sourceTree = BUILT_PRODUCTS_DIR; };
		D1E00D361BDFC8CF0020A465 /* AppDelegate.swift */ = {isa = PBXFileReference; lastKnownFileType = sourcecode.swift; path = AppDelegate.swift; sourceTree = "<group>"; };
		D1E00D381BDFC8CF0020A465 /* ViewController.swift */ = {isa = PBXFileReference; lastKnownFileType = sourcecode.swift; path = ViewController.swift; sourceTree = "<group>"; };
		D1E00D3B1BDFC8CF0020A465 /* Base */ = {isa = PBXFileReference; lastKnownFileType = file.storyboard; name = Base; path = Base.lproj/Main.storyboard; sourceTree = "<group>"; };
		D1E00D3D1BDFC8CF0020A465 /* Assets.xcassets */ = {isa = PBXFileReference; lastKnownFileType = folder.assetcatalog; path = Assets.xcassets; sourceTree = "<group>"; };
		D1E00D401BDFC8CF0020A465 /* Base */ = {isa = PBXFileReference; lastKnownFileType = file.storyboard; name = Base; path = Base.lproj/LaunchScreen.storyboard; sourceTree = "<group>"; };
		D1E00D421BDFC8CF0020A465 /* Info.plist */ = {isa = PBXFileReference; lastKnownFileType = text.plist.xml; path = Info.plist; sourceTree = "<group>"; };
/* End PBXFileReference section */

/* Begin PBXFrameworksBuildPhase section */
		D1E00D301BDFC8CF0020A465 /* Frameworks */ = {
			isa = PBXFrameworksBuildPhase;
			buildActionMask = 2147483647;
			files = (
			);
			runOnlyForDeploymentPostprocessing = 0;
		};
/* End PBXFrameworksBuildPhase section */

/* Begin PBXGroup section */
		D1E00D2A1BDFC8CF0020A465 = {
			isa = PBXGroup;
			children = (
				D1E00D351BDFC8CF0020A465 /* BullsEye */,
				D1E00D341BDFC8CF0020A465 /* Products */,
			);
			sourceTree = "<group>";
		};
		D1E00D341BDFC8CF0020A465 /* Products */ = {
			isa = PBXGroup;
			children = (
				D1E00D331BDFC8CF0020A465 /* BullsEye.app */,
			);
			name = Products;
			sourceTree = "<group>";
		};
		D1E00D351BDFC8CF0020A465 /* BullsEye */ = {
			isa = PBXGroup;
			children = (
				D1E00D361BDFC8CF0020A465 /* AppDelegate.swift */,
				D1E00D381BDFC8CF0020A465 /* ViewController.swift */,
				D1E00D3A1BDFC8CF0020A465 /* Main.storyboard */,
				D1E00D3D1BDFC8CF0020A465 /* Assets.xcassets */,
				D1E00D3F1BDFC8CF0020A465 /* LaunchScreen.storyboard */,
				D1E00D421BDFC8CF0020A465 /* Info.plist */,
			);
			path = BullsEye;
			sourceTree = "<group>";
		};
/* End PBXGroup section */

/* Begin PBXNativeTarget section */
		D1E00D321BDFC8CF0020A465 /* BullsEye */ = {
			isa = PBXNativeTarget;
			buildConfigurationList = D1E00D451BDFC8CF0020A465 /* Build configuration list for PBXNativeTarget "BullsEye" */;
			buildPhases = (
				D1E00D2F1BDFC8CF0020A465 /* Sources */,
				D1E00D301BDFC8CF0020A465 /* Frameworks */,
				D1E00D311BDFC8CF0020A465 /* Resources */,
			);
			buildRules = (
			);
			dependencies = (
			);
			name = BullsEye;
			productName = BullsEye;
			productReference = D1E00D331BDFC8CF0020A465 /* BullsEye.app */;
			productType = "com.apple.product-type.application";
		};
/* End PBXNativeTarget section */

/* Begin PBXProject section */
		D1E00D2B1BDFC8CF0020A465 /* Project object */ = {
			isa = PBXProject;
			attributes = {
				LastSwiftUpdateCheck = 0710;
				LastUpgradeCheck = 0710;
				ORGANIZATIONNAME = daichao;
				TargetAttributes = {
					D1E00D321BDFC8CF0020A465 = {
						CreatedOnToolsVersion = 7.1;
					};
				};
			};
			buildConfigurationList = D1E00D2E1BDFC8CF0020A465 /* Build configuration list for PBXProject "BullsEye" */;
			compatibilityVersion = "Xcode 3.2";
			developmentRegion = English;
			hasScannedForEncodings = 0;
			knownRegions = (
				en,
				Base,
			);
			mainGroup = D1E00D2A1BDFC8CF0020A465;
			productRefGroup = D1E00D341BDFC8CF0020A465 /* Products */;
			projectDirPath = "";
			projectRoot = "";
			targets = (
				D1E00D321BDFC8CF0020A465 /* BullsEye */,
			);
		};
/* End PBXProject section */

/* Begin PBXResourcesBuildPhase section */
		D1E00D311BDFC8CF0020A465 /* Resources */ = {
			isa = PBXResourcesBuildPhase;
			buildActionMask = 2147483647;
			files = (
				D1E00D411BDFC8CF0020A465 /* LaunchScreen.storyboard in Resources */,
				D1E00D3E1BDFC8CF0020A465 /* Assets.xcassets in Resources */,
				D1E00D3C1BDFC8CF0020A465 /* Main.storyboard in Resources */,
			);
			runOnlyForDeploymentPostprocessing = 0;
		};
/* End PBXResourcesBuildPhase section */

/* Begin PBXSourcesBuildPhase section */
		D1E00D2F1BDFC8CF0020A465 /* Sources */ = {
			isa = PBXSourcesBuildPhase;
			buildActionMask = 2147483647;
			files = (
				D1E00D391BDFC8CF0020A465 /* ViewController.swift in Sources */,
				D1E00D371BDFC8CF0020A465 /* AppDelegate.swift in Sources */,
			);
			runOnlyForDeploymentPostprocessing = 0;
		};
/* End PBXSourcesBuildPhase section */

/* Begin PBXVariantGroup section */
		D1E00D3A1BDFC8CF0020A465 /* Main.storyboard */ = {
			isa = PBXVariantGroup;
			children = (
				D1E00D3B1BDFC8CF0020A465 /* Base */,
			);
			name = Main.storyboard;
			sourceTree = "<group>";
		};
		D1E00D3F1BDFC8CF0020A465 /* LaunchScreen.storyboard */ = {
			isa = PBXVariantGroup;
			children = (
				D1E00D401BDFC8CF0020A465 /* Base */,
			);
			name = LaunchScreen.storyboard;
			sourceTree = "<group>";
		};
/* End PBXVariantGroup section */

/* Begin XCBuildConfiguration section */
		D1E00D431BDFC8CF0020A465 /* Debug */ = {
			isa = XCBuildConfiguration;
			buildSettings = {
				ALWAYS_SEARCH_USER_PATHS = NO;
				CLANG_CXX_LANGUAGE_STANDARD = "gnu++0x";
				CLANG_CXX_LIBRARY = "libc++";
				CLANG_ENABLE_MODULES = YES;
				CLANG_ENABLE_OBJC_ARC = YES;
				CLANG_WARN_BOOL_CONVERSION = YES;
				CLANG_WARN_CONSTANT_CONVERSION = YES;
				CLANG_WARN_DIRECT_OBJC_ISA_USAGE = YES_ERROR;
				CLANG_WARN_EMPTY_BODY = YES;
				CLANG_WARN_ENUM_CONVERSION = YES;
				CLANG_WARN_INT_CONVERSION = YES;
				CLANG_WARN_OBJC_ROOT_CLASS = YES_ERROR;
				CLANG_WARN_UNREACHABLE_CODE = YES;
				CLANG_WARN__DUPLICATE_METHOD_MATCH = YES;
				"CODE_SIGN_IDENTITY[sdk=iphoneos*]" = "iPhone Developer";
				COPY_PHASE_STRIP = NO;
				DEBUG_INFORMATION_FORMAT = dwarf;
				ENABLE_STRICT_OBJC_MSGSEND = YES;
				ENABLE_TESTABILITY = YES;
				GCC_C_LANGUAGE_STANDARD = gnu99;
				GCC_DYNAMIC_NO_PIC = NO;
				GCC_NO_COMMON_BLOCKS = YES;
				GCC_OPTIMIZATION_LEVEL = 0;
				GCC_PREPROCESSOR_DEFINITIONS = (
					"DEBUG=1",
					"$(inherited)",
				);
				GCC_WARN_64_TO_32_BIT_CONVERSION = YES;
				GCC_WARN_ABOUT_RETURN_TYPE = YES_ERROR;
				GCC_WARN_UNDECLARED_SELECTOR = YES;
				GCC_WARN_UNINITIALIZED_AUTOS = YES_AGGRESSIVE;
				GCC_WARN_UNUSED_FUNCTION = YES;
				GCC_WARN_UNUSED_VARIABLE = YES;
				IPHONEOS_DEPLOYMENT_TARGET = 9.1;
				MTL_ENABLE_DEBUG_INFO = YES;
				ONLY_ACTIVE_ARCH = YES;
				SDKROOT = iphoneos;
				SWIFT_OPTIMIZATION_LEVEL = "-Onone";
			};
			name = Debug;
		};
		D1E00D441BDFC8CF0020A465 /* Release */ = {
			isa = XCBuildConfiguration;
			buildSettings = {
				ALWAYS_SEARCH_USER_PATHS = NO;
				CLANG_CXX_LANGUAGE_STANDARD = "gnu++0x";
				CLANG_CXX_LIBRARY = "libc++";
				CLANG_ENABLE_MODULES = YES;
				CLANG_ENABLE_OBJC_ARC = YES;
				CLANG_WARN_BOOL_CONVERSION = YES;
				CLANG_WARN_CONSTANT_CONVERSION = YES;
				CLANG_WARN_DIRECT_OBJC_ISA_USAGE = YES_ERROR;
				CLANG_WARN_EMPTY_BODY = YES;
				CLANG_WARN_ENUM_CONVERSION = YES;
				CLANG_WARN_INT_CONVERSION = YES;
				CLANG_WARN_OBJC_ROOT_CLASS = YES_ERROR;
				CLANG_WARN_UNREACHABLE_CODE = YES;
				CLANG_WARN__DUPLICATE_METHOD_MATCH = YES;
				"CODE_SIGN_IDENTITY[sdk=iphoneos*]" = "iPhone Developer";
				COPY_PHASE_STRIP = NO;
				DEBUG_INFORMATION_FORMAT = "dwarf-with-dsym";
				ENABLE_NS_ASSERTIONS = NO;
				ENABLE_STRICT_OBJC_MSGSEND = YES;
				GCC_C_LANGUAGE_STANDARD = gnu99;
				GCC_NO_COMMON_BLOCKS = YES;
				GCC_WARN_64_TO_32_BIT_CONVERSION = YES;
				GCC_WARN_ABOUT_RETURN_TYPE = YES_ERROR;
				GCC_WARN_UNDECLARED_SELECTOR = YES;
				GCC_WARN_UNINITIALIZED_AUTOS = YES_AGGRESSIVE;
				GCC_WARN_UNUSED_FUNCTION = YES;
				GCC_WARN_UNUSED_VARIABLE = YES;
				IPHONEOS_DEPLOYMENT_TARGET = 9.1;
				MTL_ENABLE_DEBUG_INFO = NO;
				SDKROOT = iphoneos;
				VALIDATE_PRODUCT = YES;
			};
			name = Release;
		};
		D1E00D461BDFC8CF0020A465 /* Debug */ = {
			isa = XCBuildConfiguration;
			buildSettings = {
				ASSETCATALOG_COMPILER_APPICON_NAME = AppIcon;
				INFOPLIST_FILE = BullsEye/Info.plist;
				LD_RUNPATH_SEARCH_PATHS = "$(inherited) @executable_path/Frameworks";
				PRODUCT_BUNDLE_IDENTIFIER = com.daichao.BullsEye;
				PRODUCT_NAME = "$(TARGET_NAME)";
			};
			name = Debug;
		};
		D1E00D471BDFC8CF0020A465 /* Release */ = {
			isa = XCBuildConfiguration;
			buildSettings = {
				ASSETCATALOG_COMPILER_APPICON_NAME = AppIcon;
				INFOPLIST_FILE = BullsEye/Info.plist;
				LD_RUNPATH_SEARCH_PATHS = "$(inherited) @executable_path/Frameworks";
				PRODUCT_BUNDLE_IDENTIFIER = com.daichao.BullsEye;
				PRODUCT_NAME = "$(TARGET_NAME)";
			};
			name = Release;
		};
/* End XCBuildConfiguration section */

/* Begin XCConfigurationList section */
		D1E00D2E1BDFC8CF0020A465 /* Build configuration list for PBXProject "BullsEye" */ = {
			isa = XCConfigurationList;
			buildConfigurations = (
				D1E00D431BDFC8CF0020A465 /* Debug */,
				D1E00D441BDFC8CF0020A465 /* Release */,
			);
			defaultConfigurationIsVisible = 0;
			defaultConfigurationName = Release;
		};
		D1E00D451BDFC8CF0020A465 /* Build configuration list for PBXNativeTarget "BullsEye" */ = {
			isa = XCConfigurationList;
			buildConfigurations = (
				D1E00D461BDFC8CF0020A465 /* Debug */,
				D1E00D471BDFC8CF0020A465 /* Release */,
			);
			defaultConfigurationIsVisible = 0;
		};
/* End XCConfigurationList section */
	};
	rootObject = D1E00D2B1BDFC8CF0020A465 /* Project object */;
}
